// !$*UTF8*$!
{
	archiveVersion = 1;
	classes = {
	};
	objectVersion = 48;
	objects = {

/* Begin PBXBuildFile section */
		70D81D8A2037E545007AD051 /* weeklyQueue.swift in Sources */ = {isa = PBXBuildFile; fileRef = 70D81D892037E545007AD051 /* weeklyQueue.swift */; };
		70D81D8C2038ADB0007AD051 /* calculation.swift in Sources */ = {isa = PBXBuildFile; fileRef = 70D81D8B2038ADB0007AD051 /* calculation.swift */; };
		70FE9CB82033667F00931D60 /* AppDelegate.swift in Sources */ = {isa = PBXBuildFile; fileRef = 70FE9CB72033667F00931D60 /* AppDelegate.swift */; };
		70FE9CBA2033667F00931D60 /* ViewController.swift in Sources */ = {isa = PBXBuildFile; fileRef = 70FE9CB92033667F00931D60 /* ViewController.swift */; };
		70FE9CBD2033667F00931D60 /* Main.storyboard in Resources */ = {isa = PBXBuildFile; fileRef = 70FE9CBB2033667F00931D60 /* Main.storyboard */; };
		70FE9CBF2033667F00931D60 /* Assets.xcassets in Resources */ = {isa = PBXBuildFile; fileRef = 70FE9CBE2033667F00931D60 /* Assets.xcassets */; };
		70FE9CC22033667F00931D60 /* LaunchScreen.storyboard in Resources */ = {isa = PBXBuildFile; fileRef = 70FE9CC02033667F00931D60 /* LaunchScreen.storyboard */; };
		70FE9CCD2033668000931D60 /* CSE335_Homework_01Tests.swift in Sources */ = {isa = PBXBuildFile; fileRef = 70FE9CCC2033668000931D60 /* CSE335_Homework_01Tests.swift */; };
		70FE9CD82033668000931D60 /* CSE335_Homework_01UITests.swift in Sources */ = {isa = PBXBuildFile; fileRef = 70FE9CD72033668000931D60 /* CSE335_Homework_01UITests.swift */; };
		70FE9CE6203429E600931D60 /* SecondViewController.swift in Sources */ = {isa = PBXBuildFile; fileRef = 70FE9CE5203429E600931D60 /* SecondViewController.swift */; };
		70FE9CEC20354BCE00931D60 /* userRecord.swift in Sources */ = {isa = PBXBuildFile; fileRef = 70FE9CEB20354BCE00931D60 /* userRecord.swift */; };
/* End PBXBuildFile section */

/* Begin PBXContainerItemProxy section */
		70FE9CC92033668000931D60 /* PBXContainerItemProxy */ = {
			isa = PBXContainerItemProxy;
			containerPortal = 70FE9CAC2033667F00931D60 /* Project object */;
			proxyType = 1;
			remoteGlobalIDString = 70FE9CB32033667F00931D60;
			remoteInfo = CSE335_Homework_01;
		};
		70FE9CD42033668000931D60 /* PBXContainerItemProxy */ = {
			isa = PBXContainerItemProxy;
			containerPortal = 70FE9CAC2033667F00931D60 /* Project object */;
			proxyType = 1;
			remoteGlobalIDString = 70FE9CB32033667F00931D60;
			remoteInfo = CSE335_Homework_01;
		};
/* End PBXContainerItemProxy section */

/* Begin PBXFileReference section */
		70D81D892037E545007AD051 /* weeklyQueue.swift */ = {isa = PBXFileReference; lastKnownFileType = sourcecode.swift; path = weeklyQueue.swift; sourceTree = "<group>"; };
		70D81D8B2038ADB0007AD051 /* calculation.swift */ = {isa = PBXFileReference; lastKnownFileType = sourcecode.swift; path = calculation.swift; sourceTree = "<group>"; };
		70FE9CB42033667F00931D60 /* HealthMonitor.app */ = {isa = PBXFileReference; explicitFileType = wrapper.application; includeInIndex = 0; path = HealthMonitor.app; sourceTree = BUILT_PRODUCTS_DIR; };
		70FE9CB72033667F00931D60 /* AppDelegate.swift */ = {isa = PBXFileReference; lastKnownFileType = sourcecode.swift; path = AppDelegate.swift; sourceTree = "<group>"; };
		70FE9CB92033667F00931D60 /* ViewController.swift */ = {isa = PBXFileReference; lastKnownFileType = sourcecode.swift; path = ViewController.swift; sourceTree = "<group>"; };
		70FE9CBC2033667F00931D60 /* Base */ = {isa = PBXFileReference; lastKnownFileType = file.storyboard; name = Base; path = Base.lproj/Main.storyboard; sourceTree = "<group>"; };
		70FE9CBE2033667F00931D60 /* Assets.xcassets */ = {isa = PBXFileReference; lastKnownFileType = folder.assetcatalog; path = Assets.xcassets; sourceTree = "<group>"; };
		70FE9CC12033667F00931D60 /* Base */ = {isa = PBXFileReference; lastKnownFileType = file.storyboard; name = Base; path = Base.lproj/LaunchScreen.storyboard; sourceTree = "<group>"; };
		70FE9CC32033667F00931D60 /* Info.plist */ = {isa = PBXFileReference; lastKnownFileType = text.plist.xml; path = Info.plist; sourceTree = "<group>"; };
		70FE9CC82033668000931D60 /* HealthMonitorTests.xctest */ = {isa = PBXFileReference; explicitFileType = wrapper.cfbundle; includeInIndex = 0; path = HealthMonitorTests.xctest; sourceTree = BUILT_PRODUCTS_DIR; };
		70FE9CCC2033668000931D60 /* CSE335_Homework_01Tests.swift */ = {isa = PBXFileReference; lastKnownFileType = sourcecode.swift; path = CSE335_Homework_01Tests.swift; sourceTree = "<group>"; };
		70FE9CCE2033668000931D60 /* Info.plist */ = {isa = PBXFileReference; lastKnownFileType = text.plist.xml; path = Info.plist; sourceTree = "<group>"; };
		70FE9CD32033668000931D60 /* HealthMonitorUITests.xctest */ = {isa = PBXFileReference; explicitFileType = wrapper.cfbundle; includeInIndex = 0; path = HealthMonitorUITests.xctest; sourceTree = BUILT_PRODUCTS_DIR; };
		70FE9CD72033668000931D60 /* CSE335_Homework_01UITests.swift */ = {isa = PBXFileReference; lastKnownFileType = sourcecode.swift; path = CSE335_Homework_01UITests.swift; sourceTree = "<group>"; };
		70FE9CD92033668000931D60 /* Info.plist */ = {isa = PBXFileReference; lastKnownFileType = text.plist.xml; path = Info.plist; sourceTree = "<group>"; };
		70FE9CE5203429E600931D60 /* SecondViewController.swift */ = {isa = PBXFileReference; lastKnownFileType = sourcecode.swift; path = SecondViewController.swift; sourceTree = "<group>"; };
		70FE9CEB20354BCE00931D60 /* userRecord.swift */ = {isa = PBXFileReference; lastKnownFileType = sourcecode.swift; path = userRecord.swift; sourceTree = "<group>"; };
/* End PBXFileReference section */

/* Begin PBXFrameworksBuildPhase section */
		70FE9CB12033667F00931D60 /* Frameworks */ = {
			isa = PBXFrameworksBuildPhase;
			buildActionMask = 2147483647;
			files = (
			);
			runOnlyForDeploymentPostprocessing = 0;
		};
		70FE9CC52033668000931D60 /* Frameworks */ = {
			isa = PBXFrameworksBuildPhase;
			buildActionMask = 2147483647;
			files = (
			);
			runOnlyForDeploymentPostprocessing = 0;
		};
		70FE9CD02033668000931D60 /* Frameworks */ = {
			isa = PBXFrameworksBuildPhase;
			buildActionMask = 2147483647;
			files = (
			);
			runOnlyForDeploymentPostprocessing = 0;
		};
/* End PBXFrameworksBuildPhase section */

/* Begin PBXGroup section */
		70FE9CAB2033667F00931D60 = {
			isa = PBXGroup;
			children = (
				70FE9CE820354AAB00931D60 /* Model */,
				70FE9CB62033667F00931D60 /* HealthMonitor */,
				70FE9CCB2033668000931D60 /* HealthMonitor Tests */,
				70FE9CD62033668000931D60 /* HealMonitorUITests */,
				70FE9CB52033667F00931D60 /* Products */,
			);
			sourceTree = "<group>";
		};
		70FE9CB52033667F00931D60 /* Products */ = {
			isa = PBXGroup;
			children = (
				70FE9CB42033667F00931D60 /* HealthMonitor.app */,
				70FE9CC82033668000931D60 /* HealthMonitorTests.xctest */,
				70FE9CD32033668000931D60 /* HealthMonitorUITests.xctest */,
			);
			name = Products;
			sourceTree = "<group>";
		};
		70FE9CB62033667F00931D60 /* HealthMonitor */ = {
			isa = PBXGroup;
			children = (
				70FE9CB72033667F00931D60 /* AppDelegate.swift */,
				70FE9CB92033667F00931D60 /* ViewController.swift */,
				70FE9CBB2033667F00931D60 /* Main.storyboard */,
				70FE9CE5203429E600931D60 /* SecondViewController.swift */,
				70FE9CBE2033667F00931D60 /* Assets.xcassets */,
				70FE9CC02033667F00931D60 /* LaunchScreen.storyboard */,
				70FE9CC32033667F00931D60 /* Info.plist */,
			);
			path = HealthMonitor;
			sourceTree = "<group>";
		};
		70FE9CCB2033668000931D60 /* HealthMonitor Tests */ = {
			isa = PBXGroup;
			children = (
				70FE9CCC2033668000931D60 /* CSE335_Homework_01Tests.swift */,
				70FE9CCE2033668000931D60 /* Info.plist */,
			);
			path = "HealthMonitor Tests";
			sourceTree = "<group>";
		};
		70FE9CD62033668000931D60 /* HealMonitorUITests */ = {
			isa = PBXGroup;
			children = (
				70FE9CD72033668000931D60 /* CSE335_Homework_01UITests.swift */,
				70FE9CD92033668000931D60 /* Info.plist */,
			);
			path = HealMonitorUITests;
			sourceTree = "<group>";
		};
		70FE9CE820354AAB00931D60 /* Model */ = {
			isa = PBXGroup;
			children = (
				70FE9CEB20354BCE00931D60 /* userRecord.swift */,
				70D81D892037E545007AD051 /* weeklyQueue.swift */,
				70D81D8B2038ADB0007AD051 /* calculation.swift */,
			);
			path = Model;
			sourceTree = "<group>";
		};
/* End PBXGroup section */

/* Begin PBXNativeTarget section */
		70FE9CB32033667F00931D60 /* HealthMonitor */ = {
			isa = PBXNativeTarget;
			buildConfigurationList = 70FE9CDC2033668000931D60 /* Build configuration list for PBXNativeTarget "HealthMonitor" */;
			buildPhases = (
				70FE9CB02033667F00931D60 /* Sources */,
				70FE9CB12033667F00931D60 /* Frameworks */,
				70FE9CB22033667F00931D60 /* Resources */,
			);
			buildRules = (
			);
			dependencies = (
			);
			name = HealthMonitor;
			productName = CSE335_Homework_01;
			productReference = 70FE9CB42033667F00931D60 /* HealthMonitor.app */;
			productType = "com.apple.product-type.application";
		};
		70FE9CC72033668000931D60 /* HealthMonitorTests */ = {
			isa = PBXNativeTarget;
			buildConfigurationList = 70FE9CDF2033668000931D60 /* Build configuration list for PBXNativeTarget "HealthMonitorTests" */;
			buildPhases = (
				70FE9CC42033668000931D60 /* Sources */,
				70FE9CC52033668000931D60 /* Frameworks */,
				70FE9CC62033668000931D60 /* Resources */,
			);
			buildRules = (
			);
			dependencies = (
				70FE9CCA2033668000931D60 /* PBXTargetDependency */,
			);
			name = HealthMonitorTests;
			productName = CSE335_Homework_01Tests;
			productReference = 70FE9CC82033668000931D60 /* HealthMonitorTests.xctest */;
			productType = "com.apple.product-type.bundle.unit-test";
		};
		70FE9CD22033668000931D60 /* HealthMonitorUITests */ = {
			isa = PBXNativeTarget;
			buildConfigurationList = 70FE9CE22033668000931D60 /* Build configuration list for PBXNativeTarget "HealthMonitorUITests" */;
			buildPhases = (
				70FE9CCF2033668000931D60 /* Sources */,
				70FE9CD02033668000931D60 /* Frameworks */,
				70FE9CD12033668000931D60 /* Resources */,
			);
			buildRules = (
			);
			dependencies = (
				70FE9CD52033668000931D60 /* PBXTargetDependency */,
			);
			name = HealthMonitorUITests;
			productName = CSE335_Homework_01UITests;
			productReference = 70FE9CD32033668000931D60 /* HealthMonitorUITests.xctest */;
			productType = "com.apple.product-type.bundle.ui-testing";
		};
/* End PBXNativeTarget section */

/* Begin PBXProject section */
		70FE9CAC2033667F00931D60 /* Project object */ = {
			isa = PBXProject;
			attributes = {
				KnownAssetTags = (
					Detail,
				);
				LastSwiftUpdateCheck = 0920;
				LastUpgradeCheck = 0920;
				ORGANIZATIONNAME = "Yangkang Ou";
				TargetAttributes = {
					70FE9CB32033667F00931D60 = {
						CreatedOnToolsVersion = 9.2;
						ProvisioningStyle = Automatic;
					};
					70FE9CC72033668000931D60 = {
						CreatedOnToolsVersion = 9.2;
						ProvisioningStyle = Automatic;
						TestTargetID = 70FE9CB32033667F00931D60;
					};
					70FE9CD22033668000931D60 = {
						CreatedOnToolsVersion = 9.2;
						ProvisioningStyle = Automatic;
						TestTargetID = 70FE9CB32033667F00931D60;
					};
				};
			};
			buildConfigurationList = 70FE9CAF2033667F00931D60 /* Build configuration list for PBXProject "HealthMonitor" */;
			compatibilityVersion = "Xcode 8.0";
			developmentRegion = en;
			hasScannedForEncodings = 0;
			knownRegions = (
				en,
				Base,
			);
			mainGroup = 70FE9CAB2033667F00931D60;
			productRefGroup = 70FE9CB52033667F00931D60 /* Products */;
			projectDirPath = "";
			projectRoot = "";
			targets = (
				70FE9CB32033667F00931D60 /* HealthMonitor */,
				70FE9CC72033668000931D60 /* HealthMonitorTests */,
				70FE9CD22033668000931D60 /* HealthMonitorUITests */,
			);
		};
/* End PBXProject section */

/* Begin PBXResourcesBuildPhase section */
		70FE9CB22033667F00931D60 /* Resources */ = {
			isa = PBXResourcesBuildPhase;
			buildActionMask = 2147483647;
			files = (
				70FE9CC22033667F00931D60 /* LaunchScreen.storyboard in Resources */,
				70FE9CBF2033667F00931D60 /* Assets.xcassets in Resources */,
				70FE9CBD2033667F00931D60 /* Main.storyboard in Resources */,
			);
			runOnlyForDeploymentPostprocessing = 0;
		};
		70FE9CC62033668000931D60 /* Resources */ = {
			isa = PBXResourcesBuildPhase;
			buildActionMask = 2147483647;
			files = (
			);
			runOnlyForDeploymentPostprocessing = 0;
		};
		70FE9CD12033668000931D60 /* Resources */ = {
			isa = PBXResourcesBuildPhase;
			buildActionMask = 2147483647;
			files = (
			);
			runOnlyForDeploymentPostprocessing = 0;
		};
/* End PBXResourcesBuildPhase section */

/* Begin PBXSourcesBuildPhase section */
		70FE9CB02033667F00931D60 /* Sources */ = {
			isa = PBXSourcesBuildPhase;
			buildActionMask = 2147483647;
			files = (
				70FE9CE6203429E600931D60 /* SecondViewController.swift in Sources */,
				70D81D8C2038ADB0007AD051 /* calculation.swift in Sources */,
				70FE9CBA2033667F00931D60 /* ViewController.swift in Sources */,
				70FE9CB82033667F00931D60 /* AppDelegate.swift in Sources */,
				70D81D8A2037E545007AD051 /* weeklyQueue.swift in Sources */,
				70FE9CEC20354BCE00931D60 /* userRecord.swift in Sources */,
			);
			runOnlyForDeploymentPostprocessing = 0;
		};
		70FE9CC42033668000931D60 /* Sources */ = {
			isa = PBXSourcesBuildPhase;
			buildActionMask = 2147483647;
			files = (
				70FE9CCD2033668000931D60 /* CSE335_Homework_01Tests.swift in Sources */,
			);
			runOnlyForDeploymentPostprocessing = 0;
		};
		70FE9CCF2033668000931D60 /* Sources */ = {
			isa = PBXSourcesBuildPhase;
			buildActionMask = 2147483647;
			files = (
				70FE9CD82033668000931D60 /* CSE335_Homework_01UITests.swift in Sources */,
			);
			runOnlyForDeploymentPostprocessing = 0;
		};
/* End PBXSourcesBuildPhase section */

/* Begin PBXTargetDependency section */
		70FE9CCA2033668000931D60 /* PBXTargetDependency */ = {
			isa = PBXTargetDependency;
			target = 70FE9CB32033667F00931D60 /* HealthMonitor */;
			targetProxy = 70FE9CC92033668000931D60 /* PBXContainerItemProxy */;
		};
		70FE9CD52033668000931D60 /* PBXTargetDependency */ = {
			isa = PBXTargetDependency;
			target = 70FE9CB32033667F00931D60 /* HealthMonitor */;
			targetProxy = 70FE9CD42033668000931D60 /* PBXContainerItemProxy */;
		};
/* End PBXTargetDependency section */

/* Begin PBXVariantGroup section */
		70FE9CBB2033667F00931D60 /* Main.storyboard */ = {
			isa = PBXVariantGroup;
			children = (
				70FE9CBC2033667F00931D60 /* Base */,
			);
			name = Main.storyboard;
			sourceTree = "<group>";
		};
		70FE9CC02033667F00931D60 /* LaunchScreen.storyboard */ = {
			isa = PBXVariantGroup;
			children = (
				70FE9CC12033667F00931D60 /* Base */,
			);
			name = LaunchScreen.storyboard;
			sourceTree = "<group>";
		};
/* End PBXVariantGroup section */

/* Begin XCBuildConfiguration section */
		70FE9CDA2033668000931D60 /* Debug */ = {
			isa = XCBuildConfiguration;
			buildSettings = {
				ALWAYS_SEARCH_USER_PATHS = NO;
				CLANG_ANALYZER_NONNULL = YES;
				CLANG_ANALYZER_NUMBER_OBJECT_CONVERSION = YES_AGGRESSIVE;
				CLANG_CXX_LANGUAGE_STANDARD = "gnu++14";
				CLANG_CXX_LIBRARY = "libc++";
				CLANG_ENABLE_MODULES = YES;
				CLANG_ENABLE_OBJC_ARC = YES;
				CLANG_WARN_BLOCK_CAPTURE_AUTORELEASING = YES;
				CLANG_WARN_BOOL_CONVERSION = YES;
				CLANG_WARN_COMMA = YES;
				CLANG_WARN_CONSTANT_CONVERSION = YES;
				CLANG_WARN_DIRECT_OBJC_ISA_USAGE = YES_ERROR;
				CLANG_WARN_DOCUMENTATION_COMMENTS = YES;
				CLANG_WARN_EMPTY_BODY = YES;
				CLANG_WARN_ENUM_CONVERSION = YES;
				CLANG_WARN_INFINITE_RECURSION = YES;
				CLANG_WARN_INT_CONVERSION = YES;
				CLANG_WARN_NON_LITERAL_NULL_CONVERSION = YES;
				CLANG_WARN_OBJC_LITERAL_CONVERSION = YES;
				CLANG_WARN_OBJC_ROOT_CLASS = YES_ERROR;
				CLANG_WARN_RANGE_LOOP_ANALYSIS = YES;
				CLANG_WARN_STRICT_PROTOTYPES = YES;
				CLANG_WARN_SUSPICIOUS_MOVE = YES;
				CLANG_WARN_UNGUARDED_AVAILABILITY = YES_AGGRESSIVE;
				CLANG_WARN_UNREACHABLE_CODE = YES;
				CLANG_WARN__DUPLICATE_METHOD_MATCH = YES;
				CODE_SIGN_IDENTITY = "iPhone Developer";
				COPY_PHASE_STRIP = NO;
				DEBUG_INFORMATION_FORMAT = dwarf;
				ENABLE_STRICT_OBJC_MSGSEND = YES;
				ENABLE_TESTABILITY = YES;
				GCC_C_LANGUAGE_STANDARD = gnu11;
				GCC_DYNAMIC_NO_PIC = NO;
				GCC_NO_COMMON_BLOCKS = YES;
				GCC_OPTIMIZATION_LEVEL = 0;
				GCC_PREPROCESSOR_DEFINITIONS = (
					"DEBUG=1",
					"$(inherited)",
				);
				GCC_WARN_64_TO_32_BIT_CONVERSION = YES;
				GCC_WARN_ABOUT_RETURN_TYPE = YES_ERROR;
				GCC_WARN_UNDECLARED_SELECTOR = YES;
				GCC_WARN_UNINITIALIZED_AUTOS = YES_AGGRESSIVE;
				GCC_WARN_UNUSED_FUNCTION = YES;
				GCC_WARN_UNUSED_VARIABLE = YES;
				IPHONEOS_DEPLOYMENT_TARGET = 11.2;
				MTL_ENABLE_DEBUG_INFO = YES;
				ONLY_ACTIVE_ARCH = YES;
				SDKROOT = iphoneos;
				SWIFT_ACTIVE_COMPILATION_CONDITIONS = DEBUG;
				SWIFT_OPTIMIZATION_LEVEL = "-Onone";
			};
			name = Debug;
		};
		70FE9CDB2033668000931D60 /* Release */ = {
			isa = XCBuildConfiguration;
			buildSettings = {
				ALWAYS_SEARCH_USER_PATHS = NO;
				CLANG_ANALYZER_NONNULL = YES;
				CLANG_ANALYZER_NUMBER_OBJECT_CONVERSION = YES_AGGRESSIVE;
				CLANG_CXX_LANGUAGE_STANDARD = "gnu++14";
				CLANG_CXX_LIBRARY = "libc++";
				CLANG_ENABLE_MODULES = YES;
				CLANG_ENABLE_OBJC_ARC = YES;
				CLANG_WARN_BLOCK_CAPTURE_AUTORELEASING = YES;
				CLANG_WARN_BOOL_CONVERSION = YES;
				CLANG_WARN_COMMA = YES;
				CLANG_WARN_CONSTANT_CONVERSION = YES;
				CLANG_WARN_DIRECT_OBJC_ISA_USAGE = YES_ERROR;
				CLANG_WARN_DOCUMENTATION_COMMENTS = YES;
				CLANG_WARN_EMPTY_BODY = YES;
				CLANG_WARN_ENUM_CONVERSION = YES;
				CLANG_WARN_INFINITE_RECURSION = YES;
				CLANG_WARN_INT_CONVERSION = YES;
				CLANG_WARN_NON_LITERAL_NULL_CONVERSION = YES;
				CLANG_WARN_OBJC_LITERAL_CONVERSION = YES;
				CLANG_WARN_OBJC_ROOT_CLASS = YES_ERROR;
				CLANG_WARN_RANGE_LOOP_ANALYSIS = YES;
				CLANG_WARN_STRICT_PROTOTYPES = YES;
				CLANG_WARN_SUSPICIOUS_MOVE = YES;
				CLANG_WARN_UNGUARDED_AVAILABILITY = YES_AGGRESSIVE;
				CLANG_WARN_UNREACHABLE_CODE = YES;
				CLANG_WARN__DUPLICATE_METHOD_MATCH = YES;
				CODE_SIGN_IDENTITY = "iPhone Developer";
				COPY_PHASE_STRIP = NO;
				DEBUG_INFORMATION_FORMAT = "dwarf-with-dsym";
				ENABLE_NS_ASSERTIONS = NO;
				ENABLE_STRICT_OBJC_MSGSEND = YES;
				GCC_C_LANGUAGE_STANDARD = gnu11;
				GCC_NO_COMMON_BLOCKS = YES;
				GCC_WARN_64_TO_32_BIT_CONVERSION = YES;
				GCC_WARN_ABOUT_RETURN_TYPE = YES_ERROR;
				GCC_WARN_UNDECLARED_SELECTOR = YES;
				GCC_WARN_UNINITIALIZED_AUTOS = YES_AGGRESSIVE;
				GCC_WARN_UNUSED_FUNCTION = YES;
				GCC_WARN_UNUSED_VARIABLE = YES;
				IPHONEOS_DEPLOYMENT_TARGET = 11.2;
				MTL_ENABLE_DEBUG_INFO = NO;
				SDKROOT = iphoneos;
				SWIFT_OPTIMIZATION_LEVEL = "-Owholemodule";
				VALIDATE_PRODUCT = YES;
			};
			name = Release;
		};
		70FE9CDD2033668000931D60 /* Debug */ = {
			isa = XCBuildConfiguration;
			buildSettings = {
				ASSETCATALOG_COMPILER_APPICON_NAME = AppIcon;
				CODE_SIGN_STYLE = Automatic;
				INFOPLIST_FILE = HealthMonitor/Info.plist;
				LD_RUNPATH_SEARCH_PATHS = "$(inherited) @executable_path/Frameworks";
				PRODUCT_BUNDLE_IDENTIFIER = yangkang.HealthMonitor;
				PRODUCT_NAME = "$(TARGET_NAME)";
				SWIFT_VERSION = 4.0;
				TARGETED_DEVICE_FAMILY = "1,2";
			};
			name = Debug;
		};
		70FE9CDE2033668000931D60 /* Release */ = {
			isa = XCBuildConfiguration;
			buildSettings = {
				ASSETCATALOG_COMPILER_APPICON_NAME = AppIcon;
				CODE_SIGN_STYLE = Automatic;
				INFOPLIST_FILE = HealthMonitor/Info.plist;
				LD_RUNPATH_SEARCH_PATHS = "$(inherited) @executable_path/Frameworks";
				PRODUCT_BUNDLE_IDENTIFIER = yangkang.HealthMonitor;
				PRODUCT_NAME = "$(TARGET_NAME)";
				SWIFT_VERSION = 4.0;
				TARGETED_DEVICE_FAMILY = "1,2";
			};
			name = Release;
		};
		70FE9CE02033668000931D60 /* Debug */ = {
			isa = XCBuildConfiguration;
			buildSettings = {
				ALWAYS_EMBED_SWIFT_STANDARD_LIBRARIES = YES;
				BUNDLE_LOADER = "$(TEST_HOST)";
				CODE_SIGN_STYLE = Automatic;
				INFOPLIST_FILE = CSE335_Homework_01Tests/Info.plist;
				LD_RUNPATH_SEARCH_PATHS = "$(inherited) @executable_path/Frameworks @loader_path/Frameworks";
				PRODUCT_BUNDLE_IDENTIFIER = "yangkang.CSE335-Homework-01Tests";
				PRODUCT_NAME = "$(TARGET_NAME)";
				SWIFT_VERSION = 4.0;
				TARGETED_DEVICE_FAMILY = "1,2";
				TEST_HOST = "$(BUILT_PRODUCTS_DIR)/HealthMonitor.app/HealthMonitor";
			};
			name = Debug;
		};
		70FE9CE12033668000931D60 /* Release */ = {
			isa = XCBuildConfiguration;
			buildSettings = {
				ALWAYS_EMBED_SWIFT_STANDARD_LIBRARIES = YES;
				BUNDLE_LOADER = "$(TEST_HOST)";
				CODE_SIGN_STYLE = Automatic;
				INFOPLIST_FILE = CSE335_Homework_01Tests/Info.plist;
				LD_RUNPATH_SEARCH_PATHS = "$(inherited) @executable_path/Frameworks @loader_path/Frameworks";
				PRODUCT_BUNDLE_IDENTIFIER = "yangkang.CSE335-Homework-01Tests";
				PRODUCT_NAME = "$(TARGET_NAME)";
				SWIFT_VERSION = 4.0;
				TARGETED_DEVICE_FAMILY = "1,2";
				TEST_HOST = "$(BUILT_PRODUCTS_DIR)/HealthMonitor.app/HealthMonitor";
			};
			name = Release;
		};
		70FE9CE32033668000931D60 /* Debug */ = {
			isa = XCBuildConfiguration;
			buildSettings = {
				ALWAYS_EMBED_SWIFT_STANDARD_LIBRARIES = YES;
				CODE_SIGN_STYLE = Automatic;
				INFOPLIST_FILE = CSE335_Homework_01UITests/Info.plist;
				LD_RUNPATH_SEARCH_PATHS = "$(inherited) @executable_path/Frameworks @loader_path/Frameworks";
				PRODUCT_BUNDLE_IDENTIFIER = "yangkang.CSE335-Homework-01UITests";
				PRODUCT_NAME = "$(TARGET_NAME)";
				SWIFT_VERSION = 4.0;
				TARGETED_DEVICE_FAMILY = "1,2";
				TEST_TARGET_NAME = CSE335_Homework_01;
			};
			name = Debug;
		};
		70FE9CE42033668000931D60 /* Release */ = {
			isa = XCBuildConfiguration;
			buildSettings = {
				ALWAYS_EMBED_SWIFT_STANDARD_LIBRARIES = YES;
				CODE_SIGN_STYLE = Automatic;
				INFOPLIST_FILE = CSE335_Homework_01UITests/Info.plist;
				LD_RUNPATH_SEARCH_PATHS = "$(inherited) @executable_path/Frameworks @loader_path/Frameworks";
				PRODUCT_BUNDLE_IDENTIFIER = "yangkang.CSE335-Homework-01UITests";
				PRODUCT_NAME = "$(TARGET_NAME)";
				SWIFT_VERSION = 4.0;
				TARGETED_DEVICE_FAMILY = "1,2";
				TEST_TARGET_NAME = CSE335_Homework_01;
			};
			name = Release;
		};
/* End XCBuildConfiguration section */

/* Begin XCConfigurationList section */
		70FE9CAF2033667F00931D60 /* Build configuration list for PBXProject "HealthMonitor" */ = {
			isa = XCConfigurationList;
			buildConfigurations = (
				70FE9CDA2033668000931D60 /* Debug */,
				70FE9CDB2033668000931D60 /* Release */,
			);
			defaultConfigurationIsVisible = 0;
			defaultConfigurationName = Release;
		};
		70FE9CDC2033668000931D60 /* Build configuration list for PBXNativeTarget "HealthMonitor" */ = {
			isa = XCConfigurationList;
			buildConfigurations = (
				70FE9CDD2033668000931D60 /* Debug */,
				70FE9CDE2033668000931D60 /* Release */,
			);
			defaultConfigurationIsVisible = 0;
			defaultConfigurationName = Release;
		};
		70FE9CDF2033668000931D60 /* Build configuration list for PBXNativeTarget "HealthMonitorTests" */ = {
			isa = XCConfigurationList;
			buildConfigurations = (
				70FE9CE02033668000931D60 /* Debug */,
				70FE9CE12033668000931D60 /* Release */,
			);
			defaultConfigurationIsVisible = 0;
			defaultConfigurationName = Release;
		};
		70FE9CE22033668000931D60 /* Build configuration list for PBXNativeTarget "HealthMonitorUITests" */ = {
			isa = XCConfigurationList;
			buildConfigurations = (
				70FE9CE32033668000931D60 /* Debug */,
				70FE9CE42033668000931D60 /* Release */,
			);
			defaultConfigurationIsVisible = 0;
			defaultConfigurationName = Release;
		};
/* End XCConfigurationList section */
	};
	rootObject = 70FE9CAC2033667F00931D60 /* Project object */;
}
